<?xml version="1.0" encoding="utf-8"?>
<Project ToolsVersion="16.0" xmlns="http://schemas.microsoft.com/developer/msbuild/2003">
  <ItemGroup>
    <CustomBuild Include="C:\Users\jason\playground\L3KV\CMakeFiles\1a6482472cdc04f2caa7f2f1a68b065b\INSTALL_force.rule">
      <Filter>CMake Rules</Filter>
    </CustomBuild>
  </ItemGroup>
  <ItemGroup>
    <Filter Include="CMake Rules">
      <UniqueIdentifier>{486AAB0F-7073-3822-9CBC-601C0FF7587A}</UniqueIdentifier>
    </Filter>
  </ItemGroup>
</Project>
