
Microsoft Visual Studio Solution File, Format Version 12.00
# Visual Studio Version 16
Project("{8BC9CEB8-8B4A-11D0-8D11-00A0C91BC942}") = "ALL_BUILD", "ALL_BUILD.vcxproj", "{41433316-91CF-3529-AD72-8591DFC70D31}"
	ProjectSection(ProjectDependencies) = postProject
		{C1D60E13-C7FE-3C3D-BB28-9CB613640109} = {C1D60E13-C7FE-3C3D-BB28-9CB613640109}
		{429A135F-730A-36D8-A00A-8E79727C8685} = {429A135F-730A-36D8-A00A-8E79727C8685}
		{05B19C50-0262-3A07-802A-F576FE362F96} = {05B19C50-0262-3A07-802A-F576FE362F96}
		{B2912289-7B84-3FB3-9479-912756F920E8} = {B2912289-7B84-3FB3-9479-912756F920E8}
		{5DFD7553-4C66-380E-92CF-91828E0D89B8} = {5DFD7553-4C66-380E-92CF-91828E0D89B8}
		{2F92C549-FCD0-3B0A-8D60-74B694AE8670} = {2F92C549-FCD0-3B0A-8D60-74B694AE8670}
		{A4DF7245-0C50-3790-879E-EBBB34A2AC8B} = {A4DF7245-0C50-3790-879E-EBBB34A2AC8B}
		{B82B3478-9C1A-3351-97D2-C0D8C3356431} = {B82B3478-9C1A-3351-97D2-C0D8C3356431}
		{0811BB0D-F2E8-31DD-BF6F-3688DD1EC61D} = {0811BB0D-F2E8-31DD-BF6F-3688DD1EC61D}
		{06ACD541-ADE5-3D9E-83CD-3927D5A80CDE} = {06ACD541-ADE5-3D9E-83CD-3927D5A80CDE}
		{935243E4-84D6-3B46-927B-7B4AA0D61ACC} = {935243E4-84D6-3B46-927B-7B4AA0D61ACC}
		{CD415FE5-F2CA-3D2C-9B1F-ABD345DA1E7C} = {CD415FE5-F2CA-3D2C-9B1F-ABD345DA1E7C}
		{23CBC63D-0CB1-3C50-9202-902E2415767F} = {23CBC63D-0CB1-3C50-9202-902E2415767F}
		{1835B6DB-C38F-3FA4-B0A2-0C32D3F64F15} = {1835B6DB-C38F-3FA4-B0A2-0C32D3F64F15}
		{A33081B2-E3BA-3440-B77C-FFDD7D49AB2B} = {A33081B2-E3BA-3440-B77C-FFDD7D49AB2B}
		{79632F28-15A1-3EC0-881F-92D701EB676A} = {79632F28-15A1-3EC0-881F-92D701EB676A}
		{2C515B62-FD14-3D20-89E8-694E6BFB7945} = {2C515B62-FD14-3D20-89E8-694E6BFB7945}
		{C2BFC1FC-3A45-3021-A6B5-EEB51D5925BA} = {C2BFC1FC-3A45-3021-A6B5-EEB51D5925BA}
	EndProjectSection
EndProject
Project("{8BC9CEB8-8B4A-11D0-8D11-00A0C91BC942}") = "INSTALL", "INSTALL.vcxproj", "{B93D1318-0892-3375-99A9-59B4F1D751A3}"
	ProjectSection(ProjectDependencies) = postProject
		{41433316-91CF-3529-AD72-8591DFC70D31} = {41433316-91CF-3529-AD72-8591DFC70D31}
		{C1D60E13-C7FE-3C3D-BB28-9CB613640109} = {C1D60E13-C7FE-3C3D-BB28-9CB613640109}
	EndProjectSection
EndProject
Project("{8BC9CEB8-8B4A-11D0-8D11-00A0C91BC942}") = "ZERO_CHECK", "ZERO_CHECK.vcxproj", "{C1D60E13-C7FE-3C3D-BB28-9CB613640109}"
	ProjectSection(ProjectDependencies) = postProject
	EndProjectSection
EndProject
Project("{8BC9CEB8-8B4A-11D0-8D11-00A0C91BC942}") = "conveyor", "C:\Users\jason\playground\lib\libconveyor\build\conveyor.vcxproj", "{429A135F-730A-36D8-A00A-8E79727C8685}"
	ProjectSection(ProjectDependencies) = postProject
		{C1D60E13-C7FE-3C3D-BB28-9CB613640109} = {C1D60E13-C7FE-3C3D-BB28-9CB613640109}
	EndProjectSection
EndProject
Project("{8BC9CEB8-8B4A-11D0-8D11-00A0C91BC942}") = "gmock", "_deps\gtest-build\googlemock\gmock.vcxproj", "{05B19C50-0262-3A07-802A-F576FE362F96}"
	ProjectSection(ProjectDependencies) = postProject
		{C1D60E13-C7FE-3C3D-BB28-9CB613640109} = {C1D60E13-C7FE-3C3D-BB28-9CB613640109}
	EndProjectSection
EndProject
Project("{8BC9CEB8-8B4A-11D0-8D11-00A0C91BC942}") = "gmock_main", "_deps\gtest-build\googlemock\gmock_main.vcxproj", "{B2912289-7B84-3FB3-9479-912756F920E8}"
	ProjectSection(ProjectDependencies) = postProject
		{C1D60E13-C7FE-3C3D-BB28-9CB613640109} = {C1D60E13-C7FE-3C3D-BB28-9CB613640109}
	EndProjectSection
EndProject
Project("{8BC9CEB8-8B4A-11D0-8D11-00A0C91BC942}") = "gtest", "_deps\gtest-build\googletest\gtest.vcxproj", "{5DFD7553-4C66-380E-92CF-91828E0D89B8}"
	ProjectSection(ProjectDependencies) = postProject
		{C1D60E13-C7FE-3C3D-BB28-9CB613640109} = {C1D60E13-C7FE-3C3D-BB28-9CB613640109}
	EndProjectSection
EndProject
Project("{8BC9CEB8-8B4A-11D0-8D11-00A0C91BC942}") = "gtest_main", "_deps\gtest-build\googletest\gtest_main.vcxproj", "{2F92C549-FCD0-3B0A-8D60-74B694AE8670}"
	ProjectSection(ProjectDependencies) = postProject
		{C1D60E13-C7FE-3C3D-BB28-9CB613640109} = {C1D60E13-C7FE-3C3D-BB28-9CB613640109}
		{5DFD7553-4C66-380E-92CF-91828E0D89B8} = {5DFD7553-4C66-380E-92CF-91828E0D89B8}
	EndProjectSection
EndProject
Project("{8BC9CEB8-8B4A-11D0-8D11-00A0C91BC942}") = "l3svc", "l3svc.vcxproj", "{A4DF7245-0C50-3790-879E-EBBB34A2AC8B}"
	ProjectSection(ProjectDependencies) = postProject
		{C1D60E13-C7FE-3C3D-BB28-9CB613640109} = {C1D60E13-C7FE-3C3D-BB28-9CB613640109}
		{429A135F-730A-36D8-A00A-8E79727C8685} = {429A135F-730A-36D8-A00A-8E79727C8685}
		{B82B3478-9C1A-3351-97D2-C0D8C3356431} = {B82B3478-9C1A-3351-97D2-C0D8C3356431}
	EndProjectSection
EndProject
Project("{8BC9CEB8-8B4A-11D0-8D11-00A0C91BC942}") = "lite3-cpp", "C:\Users\jason\playground\lib\lite3-cpp\build\lite3-cpp.vcxproj", "{B82B3478-9C1A-3351-97D2-C0D8C3356431}"
	ProjectSection(ProjectDependencies) = postProject
		{C1D60E13-C7FE-3C3D-BB28-9CB613640109} = {C1D60E13-C7FE-3C3D-BB28-9CB613640109}
	EndProjectSection
EndProject
Project("{8BC9CEB8-8B4A-11D0-8D11-00A0C91BC942}") = "lite3-cpp_benchmark", "C:\Users\jason\playground\lib\lite3-cpp\build\lite3-cpp_benchmark.vcxproj", "{0811BB0D-F2E8-31DD-BF6F-3688DD1EC61D}"
	ProjectSection(ProjectDependencies) = postProject
		{C1D60E13-C7FE-3C3D-BB28-9CB613640109} = {C1D60E13-C7FE-3C3D-BB28-9CB613640109}
		{B82B3478-9C1A-3351-97D2-C0D8C3356431} = {B82B3478-9C1A-3351-97D2-C0D8C3356431}
	EndProjectSection
EndProject
Project("{8BC9CEB8-8B4A-11D0-8D11-00A0C91BC942}") = "lite3-cpp_test", "C:\Users\jason\playground\lib\lite3-cpp\build\lite3-cpp_test.vcxproj", "{06ACD541-ADE5-3D9E-83CD-3927D5A80CDE}"
	ProjectSection(ProjectDependencies) = postProject
		{C1D60E13-C7FE-3C3D-BB28-9CB613640109} = {C1D60E13-C7FE-3C3D-BB28-9CB613640109}
		{5DFD7553-4C66-380E-92CF-91828E0D89B8} = {5DFD7553-4C66-380E-92CF-91828E0D89B8}
		{2F92C549-FCD0-3B0A-8D60-74B694AE8670} = {2F92C549-FCD0-3B0A-8D60-74B694AE8670}
		{B82B3478-9C1A-3351-97D2-C0D8C3356431} = {B82B3478-9C1A-3351-97D2-C0D8C3356431}
	EndProjectSection
EndProject
Project("{8BC9CEB8-8B4A-11D0-8D11-00A0C91BC942}") = "observability_example", "C:\Users\jason\playground\lib\lite3-cpp\build\observability_example.vcxproj", "{935243E4-84D6-3B46-927B-7B4AA0D61ACC}"
	ProjectSection(ProjectDependencies) = postProject
		{C1D60E13-C7FE-3C3D-BB28-9CB613640109} = {C1D60E13-C7FE-3C3D-BB28-9CB613640109}
		{B82B3478-9C1A-3351-97D2-C0D8C3356431} = {B82B3478-9C1A-3351-97D2-C0D8C3356431}
	EndProjectSection
EndProject
Project("{8BC9CEB8-8B4A-11D0-8D11-00A0C91BC942}") = "test_clock", "test_clock.vcxproj", "{CD415FE5-F2CA-3D2C-9B1F-ABD345DA1E7C}"
	ProjectSection(ProjectDependencies) = postProject
		{C1D60E13-C7FE-3C3D-BB28-9CB613640109} = {C1D60E13-C7FE-3C3D-BB28-9CB613640109}
	EndProjectSection
EndProject
Project("{8BC9CEB8-8B4A-11D0-8D11-00A0C91BC942}") = "test_clock_simple", "test_clock_simple.vcxproj", "{23CBC63D-0CB1-3C50-9202-902E2415767F}"
	ProjectSection(ProjectDependencies) = postProject
		{C1D60E13-C7FE-3C3D-BB28-9CB613640109} = {C1D60E13-C7FE-3C3D-BB28-9CB613640109}
	EndProjectSection
EndProject
Project("{8BC9CEB8-8B4A-11D0-8D11-00A0C91BC942}") = "test_merkle", "test_merkle.vcxproj", "{1835B6DB-C38F-3FA4-B0A2-0C32D3F64F15}"
	ProjectSection(ProjectDependencies) = postProject
		{C1D60E13-C7FE-3C3D-BB28-9CB613640109} = {C1D60E13-C7FE-3C3D-BB28-9CB613640109}
	EndProjectSection
EndProject
Project("{8BC9CEB8-8B4A-11D0-8D11-00A0C91BC942}") = "test_mesh_stress", "test_mesh_stress.vcxproj", "{A33081B2-E3BA-3440-B77C-FFDD7D49AB2B}"
	ProjectSection(ProjectDependencies) = postProject
		{C1D60E13-C7FE-3C3D-BB28-9CB613640109} = {C1D60E13-C7FE-3C3D-BB28-9CB613640109}
	EndProjectSection
EndProject
Project("{8BC9CEB8-8B4A-11D0-8D11-00A0C91BC942}") = "test_phase2", "test_phase2.vcxproj", "{79632F28-15A1-3EC0-881F-92D701EB676A}"
	ProjectSection(ProjectDependencies) = postProject
		{C1D60E13-C7FE-3C3D-BB28-9CB613640109} = {C1D60E13-C7FE-3C3D-BB28-9CB613640109}
	EndProjectSection
EndProject
Project("{8BC9CEB8-8B4A-11D0-8D11-00A0C91BC942}") = "test_store", "test_store.vcxproj", "{2C515B62-FD14-3D20-89E8-694E6BFB7945}"
	ProjectSection(ProjectDependencies) = postProject
		{C1D60E13-C7FE-3C3D-BB28-9CB613640109} = {C1D60E13-C7FE-3C3D-BB28-9CB613640109}
		{429A135F-730A-36D8-A00A-8E79727C8685} = {429A135F-730A-36D8-A00A-8E79727C8685}
		{B82B3478-9C1A-3351-97D2-C0D8C3356431} = {B82B3478-9C1A-3351-97D2-C0D8C3356431}
	EndProjectSection
EndProject
Project("{8BC9CEB8-8B4A-11D0-8D11-00A0C91BC942}") = "test_wal", "test_wal.vcxproj", "{C2BFC1FC-3A45-3021-A6B5-EEB51D5925BA}"
	ProjectSection(ProjectDependencies) = postProject
		{C1D60E13-C7FE-3C3D-BB28-9CB613640109} = {C1D60E13-C7FE-3C3D-BB28-9CB613640109}
		{429A135F-730A-36D8-A00A-8E79727C8685} = {429A135F-730A-36D8-A00A-8E79727C8685}
		{B82B3478-9C1A-3351-97D2-C0D8C3356431} = {B82B3478-9C1A-3351-97D2-C0D8C3356431}
	EndProjectSection
EndProject
Global
	GlobalSection(SolutionConfigurationPlatforms) = preSolution
		Debug|x64 = Debug|x64
		Release|x64 = Release|x64
		MinSizeRel|x64 = MinSizeRel|x64
		RelWithDebInfo|x64 = RelWithDebInfo|x64
	EndGlobalSection
	GlobalSection(ProjectConfigurationPlatforms) = postSolution
		{41433316-91CF-3529-AD72-8591DFC70D31}.Debug|x64.ActiveCfg = Debug|x64
		{41433316-91CF-3529-AD72-8591DFC70D31}.Debug|x64.Build.0 = Debug|x64
		{41433316-91CF-3529-AD72-8591DFC70D31}.Release|x64.ActiveCfg = Release|x64
		{41433316-91CF-3529-AD72-8591DFC70D31}.Release|x64.Build.0 = Release|x64
		{41433316-91CF-3529-AD72-8591DFC70D31}.MinSizeRel|x64.ActiveCfg = MinSizeRel|x64
		{41433316-91CF-3529-AD72-8591DFC70D31}.MinSizeRel|x64.Build.0 = MinSizeRel|x64
		{41433316-91CF-3529-AD72-8591DFC70D31}.RelWithDebInfo|x64.ActiveCfg = RelWithDebInfo|x64
		{41433316-91CF-3529-AD72-8591DFC70D31}.RelWithDebInfo|x64.Build.0 = RelWithDebInfo|x64
		{B93D1318-0892-3375-99A9-59B4F1D751A3}.Debug|x64.ActiveCfg = Debug|x64
		{B93D1318-0892-3375-99A9-59B4F1D751A3}.Release|x64.ActiveCfg = Release|x64
		{B93D1318-0892-3375-99A9-59B4F1D751A3}.MinSizeRel|x64.ActiveCfg = MinSizeRel|x64
		{B93D1318-0892-3375-99A9-59B4F1D751A3}.RelWithDebInfo|x64.ActiveCfg = RelWithDebInfo|x64
		{C1D60E13-C7FE-3C3D-BB28-9CB613640109}.Debug|x64.ActiveCfg = Debug|x64
		{C1D60E13-C7FE-3C3D-BB28-9CB613640109}.Debug|x64.Build.0 = Debug|x64
		{C1D60E13-C7FE-3C3D-BB28-9CB613640109}.Release|x64.ActiveCfg = Release|x64
		{C1D60E13-C7FE-3C3D-BB28-9CB613640109}.Release|x64.Build.0 = Release|x64
		{C1D60E13-C7FE-3C3D-BB28-9CB613640109}.MinSizeRel|x64.ActiveCfg = MinSizeRel|x64
		{C1D60E13-C7FE-3C3D-BB28-9CB613640109}.MinSizeRel|x64.Build.0 = MinSizeRel|x64
		{C1D60E13-C7FE-3C3D-BB28-9CB613640109}.RelWithDebInfo|x64.ActiveCfg = RelWithDebInfo|x64
		{C1D60E13-C7FE-3C3D-BB28-9CB613640109}.RelWithDebInfo|x64.Build.0 = RelWithDebInfo|x64
		{429A135F-730A-36D8-A00A-8E79727C8685}.Debug|x64.ActiveCfg = Debug|x64
		{429A135F-730A-36D8-A00A-8E79727C8685}.Debug|x64.Build.0 = Debug|x64
		{429A135F-730A-36D8-A00A-8E79727C8685}.Release|x64.ActiveCfg = Release|x64
		{429A135F-730A-36D8-A00A-8E79727C8685}.Release|x64.Build.0 = Release|x64
		{429A135F-730A-36D8-A00A-8E79727C8685}.MinSizeRel|x64.ActiveCfg = MinSizeRel|x64
		{429A135F-730A-36D8-A00A-8E79727C8685}.MinSizeRel|x64.Build.0 = MinSizeRel|x64
		{429A135F-730A-36D8-A00A-8E79727C8685}.RelWithDebInfo|x64.ActiveCfg = RelWithDebInfo|x64
		{429A135F-730A-36D8-A00A-8E79727C8685}.RelWithDebInfo|x64.Build.0 = RelWithDebInfo|x64
		{05B19C50-0262-3A07-802A-F576FE362F96}.Debug|x64.ActiveCfg = Debug|x64
		{05B19C50-0262-3A07-802A-F576FE362F96}.Debug|x64.Build.0 = Debug|x64
		{05B19C50-0262-3A07-802A-F576FE362F96}.Release|x64.ActiveCfg = Release|x64
		{05B19C50-0262-3A07-802A-F576FE362F96}.Release|x64.Build.0 = Release|x64
		{05B19C50-0262-3A07-802A-F576FE362F96}.MinSizeRel|x64.ActiveCfg = MinSizeRel|x64
		{05B19C50-0262-3A07-802A-F576FE362F96}.MinSizeRel|x64.Build.0 = MinSizeRel|x64
		{05B19C50-0262-3A07-802A-F576FE362F96}.RelWithDebInfo|x64.ActiveCfg = RelWithDebInfo|x64
		{05B19C50-0262-3A07-802A-F576FE362F96}.RelWithDebInfo|x64.Build.0 = RelWithDebInfo|x64
		{B2912289-7B84-3FB3-9479-912756F920E8}.Debug|x64.ActiveCfg = Debug|x64
		{B2912289-7B84-3FB3-9479-912756F920E8}.Debug|x64.Build.0 = Debug|x64
		{B2912289-7B84-3FB3-9479-912756F920E8}.Release|x64.ActiveCfg = Release|x64
		{B2912289-7B84-3FB3-9479-912756F920E8}.Release|x64.Build.0 = Release|x64
		{B2912289-7B84-3FB3-9479-912756F920E8}.MinSizeRel|x64.ActiveCfg = MinSizeRel|x64
		{B2912289-7B84-3FB3-9479-912756F920E8}.MinSizeRel|x64.Build.0 = MinSizeRel|x64
		{B2912289-7B84-3FB3-9479-912756F920E8}.RelWithDebInfo|x64.ActiveCfg = RelWithDebInfo|x64
		{B2912289-7B84-3FB3-9479-912756F920E8}.RelWithDebInfo|x64.Build.0 = RelWithDebInfo|x64
		{5DFD7553-4C66-380E-92CF-91828E0D89B8}.Debug|x64.ActiveCfg = Debug|x64
		{5DFD7553-4C66-380E-92CF-91828E0D89B8}.Debug|x64.Build.0 = Debug|x64
		{5DFD7553-4C66-380E-92CF-91828E0D89B8}.Release|x64.ActiveCfg = Release|x64
		{5DFD7553-4C66-380E-92CF-91828E0D89B8}.Release|x64.Build.0 = Release|x64
		{5DFD7553-4C66-380E-92CF-91828E0D89B8}.MinSizeRel|x64.ActiveCfg = MinSizeRel|x64
		{5DFD7553-4C66-380E-92CF-91828E0D89B8}.MinSizeRel|x64.Build.0 = MinSizeRel|x64
		{5DFD7553-4C66-380E-92CF-91828E0D89B8}.RelWithDebInfo|x64.ActiveCfg = RelWithDebInfo|x64
		{5DFD7553-4C66-380E-92CF-91828E0D89B8}.RelWithDebInfo|x64.Build.0 = RelWithDebInfo|x64
		{2F92C549-FCD0-3B0A-8D60-74B694AE8670}.Debug|x64.ActiveCfg = Debug|x64
		{2F92C549-FCD0-3B0A-8D60-74B694AE8670}.Debug|x64.Build.0 = Debug|x64
		{2F92C549-FCD0-3B0A-8D60-74B694AE8670}.Release|x64.ActiveCfg = Release|x64
		{2F92C549-FCD0-3B0A-8D60-74B694AE8670}.Release|x64.Build.0 = Release|x64
		{2F92C549-FCD0-3B0A-8D60-74B694AE8670}.MinSizeRel|x64.ActiveCfg = MinSizeRel|x64
		{2F92C549-FCD0-3B0A-8D60-74B694AE8670}.MinSizeRel|x64.Build.0 = MinSizeRel|x64
		{2F92C549-FCD0-3B0A-8D60-74B694AE8670}.RelWithDebInfo|x64.ActiveCfg = RelWithDebInfo|x64
		{2F92C549-FCD0-3B0A-8D60-74B694AE8670}.RelWithDebInfo|x64.Build.0 = RelWithDebInfo|x64
		{A4DF7245-0C50-3790-879E-EBBB34A2AC8B}.Debug|x64.ActiveCfg = Debug|x64
		{A4DF7245-0C50-3790-879E-EBBB34A2AC8B}.Debug|x64.Build.0 = Debug|x64
		{A4DF7245-0C50-3790-879E-EBBB34A2AC8B}.Release|x64.ActiveCfg = Release|x64
		{A4DF7245-0C50-3790-879E-EBBB34A2AC8B}.Release|x64.Build.0 = Release|x64
		{A4DF7245-0C50-3790-879E-EBBB34A2AC8B}.MinSizeRel|x64.ActiveCfg = MinSizeRel|x64
		{A4DF7245-0C50-3790-879E-EBBB34A2AC8B}.MinSizeRel|x64.Build.0 = MinSizeRel|x64
		{A4DF7245-0C50-3790-879E-EBBB34A2AC8B}.RelWithDebInfo|x64.ActiveCfg = RelWithDebInfo|x64
		{A4DF7245-0C50-3790-879E-EBBB34A2AC8B}.RelWithDebInfo|x64.Build.0 = RelWithDebInfo|x64
		{B82B3478-9C1A-3351-97D2-C0D8C3356431}.Debug|x64.ActiveCfg = Debug|x64
		{B82B3478-9C1A-3351-97D2-C0D8C3356431}.Debug|x64.Build.0 = Debug|x64
		{B82B3478-9C1A-3351-97D2-C0D8C3356431}.Release|x64.ActiveCfg = Release|x64
		{B82B3478-9C1A-3351-97D2-C0D8C3356431}.Release|x64.Build.0 = Release|x64
		{B82B3478-9C1A-3351-97D2-C0D8C3356431}.MinSizeRel|x64.ActiveCfg = MinSizeRel|x64
		{B82B3478-9C1A-3351-97D2-C0D8C3356431}.MinSizeRel|x64.Build.0 = MinSizeRel|x64
		{B82B3478-9C1A-3351-97D2-C0D8C3356431}.RelWithDebInfo|x64.ActiveCfg = RelWithDebInfo|x64
		{B82B3478-9C1A-3351-97D2-C0D8C3356431}.RelWithDebInfo|x64.Build.0 = RelWithDebInfo|x64
		{0811BB0D-F2E8-31DD-BF6F-3688DD1EC61D}.Debug|x64.ActiveCfg = Debug|x64
		{0811BB0D-F2E8-31DD-BF6F-3688DD1EC61D}.Debug|x64.Build.0 = Debug|x64
		{0811BB0D-F2E8-31DD-BF6F-3688DD1EC61D}.Release|x64.ActiveCfg = Release|x64
		{0811BB0D-F2E8-31DD-BF6F-3688DD1EC61D}.Release|x64.Build.0 = Release|x64
		{0811BB0D-F2E8-31DD-BF6F-3688DD1EC61D}.MinSizeRel|x64.ActiveCfg = MinSizeRel|x64
		{0811BB0D-F2E8-31DD-BF6F-3688DD1EC61D}.MinSizeRel|x64.Build.0 = MinSizeRel|x64
		{0811BB0D-F2E8-31DD-BF6F-3688DD1EC61D}.RelWithDebInfo|x64.ActiveCfg = RelWithDebInfo|x64
		{0811BB0D-F2E8-31DD-BF6F-3688DD1EC61D}.RelWithDebInfo|x64.Build.0 = RelWithDebInfo|x64
		{06ACD541-ADE5-3D9E-83CD-3927D5A80CDE}.Debug|x64.ActiveCfg = Debug|x64
		{06ACD541-ADE5-3D9E-83CD-3927D5A80CDE}.Debug|x64.Build.0 = Debug|x64
		{06ACD541-ADE5-3D9E-83CD-3927D5A80CDE}.Release|x64.ActiveCfg = Release|x64
		{06ACD541-ADE5-3D9E-83CD-3927D5A80CDE}.Release|x64.Build.0 = Release|x64
		{06ACD541-ADE5-3D9E-83CD-3927D5A80CDE}.MinSizeRel|x64.ActiveCfg = MinSizeRel|x64
		{06ACD541-ADE5-3D9E-83CD-3927D5A80CDE}.MinSizeRel|x64.Build.0 = MinSizeRel|x64
		{06ACD541-ADE5-3D9E-83CD-3927D5A80CDE}.RelWithDebInfo|x64.ActiveCfg = RelWithDebInfo|x64
		{06ACD541-ADE5-3D9E-83CD-3927D5A80CDE}.RelWithDebInfo|x64.Build.0 = RelWithDebInfo|x64
		{935243E4-84D6-3B46-927B-7B4AA0D61ACC}.Debug|x64.ActiveCfg = Debug|x64
		{935243E4-84D6-3B46-927B-7B4AA0D61ACC}.Debug|x64.Build.0 = Debug|x64
		{935243E4-84D6-3B46-927B-7B4AA0D61ACC}.Release|x64.ActiveCfg = Release|x64
		{935243E4-84D6-3B46-927B-7B4AA0D61ACC}.Release|x64.Build.0 = Release|x64
		{935243E4-84D6-3B46-927B-7B4AA0D61ACC}.MinSizeRel|x64.ActiveCfg = MinSizeRel|x64
		{935243E4-84D6-3B46-927B-7B4AA0D61ACC}.MinSizeRel|x64.Build.0 = MinSizeRel|x64
		{935243E4-84D6-3B46-927B-7B4AA0D61ACC}.RelWithDebInfo|x64.ActiveCfg = RelWithDebInfo|x64
		{935243E4-84D6-3B46-927B-7B4AA0D61ACC}.RelWithDebInfo|x64.Build.0 = RelWithDebInfo|x64
		{CD415FE5-F2CA-3D2C-9B1F-ABD345DA1E7C}.Debug|x64.ActiveCfg = Debug|x64
		{CD415FE5-F2CA-3D2C-9B1F-ABD345DA1E7C}.Debug|x64.Build.0 = Debug|x64
		{CD415FE5-F2CA-3D2C-9B1F-ABD345DA1E7C}.Release|x64.ActiveCfg = Release|x64
		{CD415FE5-F2CA-3D2C-9B1F-ABD345DA1E7C}.Release|x64.Build.0 = Release|x64
		{CD415FE5-F2CA-3D2C-9B1F-ABD345DA1E7C}.MinSizeRel|x64.ActiveCfg = MinSizeRel|x64
		{CD415FE5-F2CA-3D2C-9B1F-ABD345DA1E7C}.MinSizeRel|x64.Build.0 = MinSizeRel|x64
		{CD415FE5-F2CA-3D2C-9B1F-ABD345DA1E7C}.RelWithDebInfo|x64.ActiveCfg = RelWithDebInfo|x64
		{CD415FE5-F2CA-3D2C-9B1F-ABD345DA1E7C}.RelWithDebInfo|x64.Build.0 = RelWithDebInfo|x64
		{23CBC63D-0CB1-3C50-9202-902E2415767F}.Debug|x64.ActiveCfg = Debug|x64
		{23CBC63D-0CB1-3C50-9202-902E2415767F}.Debug|x64.Build.0 = Debug|x64
		{23CBC63D-0CB1-3C50-9202-902E2415767F}.Release|x64.ActiveCfg = Release|x64
		{23CBC63D-0CB1-3C50-9202-902E2415767F}.Release|x64.Build.0 = Release|x64
		{23CBC63D-0CB1-3C50-9202-902E2415767F}.MinSizeRel|x64.ActiveCfg = MinSizeRel|x64
		{23CBC63D-0CB1-3C50-9202-902E2415767F}.MinSizeRel|x64.Build.0 = MinSizeRel|x64
		{23CBC63D-0CB1-3C50-9202-902E2415767F}.RelWithDebInfo|x64.ActiveCfg = RelWithDebInfo|x64
		{23CBC63D-0CB1-3C50-9202-902E2415767F}.RelWithDebInfo|x64.Build.0 = RelWithDebInfo|x64
		{1835B6DB-C38F-3FA4-B0A2-0C32D3F64F15}.Debug|x64.ActiveCfg = Debug|x64
		{1835B6DB-C38F-3FA4-B0A2-0C32D3F64F15}.Debug|x64.Build.0 = Debug|x64
		{1835B6DB-C38F-3FA4-B0A2-0C32D3F64F15}.Release|x64.ActiveCfg = Release|x64
		{1835B6DB-C38F-3FA4-B0A2-0C32D3F64F15}.Release|x64.Build.0 = Release|x64
		{1835B6DB-C38F-3FA4-B0A2-0C32D3F64F15}.MinSizeRel|x64.ActiveCfg = MinSizeRel|x64
		{1835B6DB-C38F-3FA4-B0A2-0C32D3F64F15}.MinSizeRel|x64.Build.0 = MinSizeRel|x64
		{1835B6DB-C38F-3FA4-B0A2-0C32D3F64F15}.RelWithDebInfo|x64.ActiveCfg = RelWithDebInfo|x64
		{1835B6DB-C38F-3FA4-B0A2-0C32D3F64F15}.RelWithDebInfo|x64.Build.0 = RelWithDebInfo|x64
		{A33081B2-E3BA-3440-B77C-FFDD7D49AB2B}.Debug|x64.ActiveCfg = Debug|x64
		{A33081B2-E3BA-3440-B77C-FFDD7D49AB2B}.Debug|x64.Build.0 = Debug|x64
		{A33081B2-E3BA-3440-B77C-FFDD7D49AB2B}.Release|x64.ActiveCfg = Release|x64
		{A33081B2-E3BA-3440-B77C-FFDD7D49AB2B}.Release|x64.Build.0 = Release|x64
		{A33081B2-E3BA-3440-B77C-FFDD7D49AB2B}.MinSizeRel|x64.ActiveCfg = MinSizeRel|x64
		{A33081B2-E3BA-3440-B77C-FFDD7D49AB2B}.MinSizeRel|x64.Build.0 = MinSizeRel|x64
		{A33081B2-E3BA-3440-B77C-FFDD7D49AB2B}.RelWithDebInfo|x64.ActiveCfg = RelWithDebInfo|x64
		{A33081B2-E3BA-3440-B77C-FFDD7D49AB2B}.RelWithDebInfo|x64.Build.0 = RelWithDebInfo|x64
		{79632F28-15A1-3EC0-881F-92D701EB676A}.Debug|x64.ActiveCfg = Debug|x64
		{79632F28-15A1-3EC0-881F-92D701EB676A}.Debug|x64.Build.0 = Debug|x64
		{79632F28-15A1-3EC0-881F-92D701EB676A}.Release|x64.ActiveCfg = Release|x64
		{79632F28-15A1-3EC0-881F-92D701EB676A}.Release|x64.Build.0 = Release|x64
		{79632F28-15A1-3EC0-881F-92D701EB676A}.MinSizeRel|x64.ActiveCfg = MinSizeRel|x64
		{79632F28-15A1-3EC0-881F-92D701EB676A}.MinSizeRel|x64.Build.0 = MinSizeRel|x64
		{79632F28-15A1-3EC0-881F-92D701EB676A}.RelWithDebInfo|x64.ActiveCfg = RelWithDebInfo|x64
		{79632F28-15A1-3EC0-881F-92D701EB676A}.RelWithDebInfo|x64.Build.0 = RelWithDebInfo|x64
		{2C515B62-FD14-3D20-89E8-694E6BFB7945}.Debug|x64.ActiveCfg = Debug|x64
		{2C515B62-FD14-3D20-89E8-694E6BFB7945}.Debug|x64.Build.0 = Debug|x64
		{2C515B62-FD14-3D20-89E8-694E6BFB7945}.Release|x64.ActiveCfg = Release|x64
		{2C515B62-FD14-3D20-89E8-694E6BFB7945}.Release|x64.Build.0 = Release|x64
		{2C515B62-FD14-3D20-89E8-694E6BFB7945}.MinSizeRel|x64.ActiveCfg = MinSizeRel|x64
		{2C515B62-FD14-3D20-89E8-694E6BFB7945}.MinSizeRel|x64.Build.0 = MinSizeRel|x64
		{2C515B62-FD14-3D20-89E8-694E6BFB7945}.RelWithDebInfo|x64.ActiveCfg = RelWithDebInfo|x64
		{2C515B62-FD14-3D20-89E8-694E6BFB7945}.RelWithDebInfo|x64.Build.0 = RelWithDebInfo|x64
		{C2BFC1FC-3A45-3021-A6B5-EEB51D5925BA}.Debug|x64.ActiveCfg = Debug|x64
		{C2BFC1FC-3A45-3021-A6B5-EEB51D5925BA}.Debug|x64.Build.0 = Debug|x64
		{C2BFC1FC-3A45-3021-A6B5-EEB51D5925BA}.Release|x64.ActiveCfg = Release|x64
		{C2BFC1FC-3A45-3021-A6B5-EEB51D5925BA}.Release|x64.Build.0 = Release|x64
		{C2BFC1FC-3A45-3021-A6B5-EEB51D5925BA}.MinSizeRel|x64.ActiveCfg = MinSizeRel|x64
		{C2BFC1FC-3A45-3021-A6B5-EEB51D5925BA}.MinSizeRel|x64.Build.0 = MinSizeRel|x64
		{C2BFC1FC-3A45-3021-A6B5-EEB51D5925BA}.RelWithDebInfo|x64.ActiveCfg = RelWithDebInfo|x64
		{C2BFC1FC-3A45-3021-A6B5-EEB51D5925BA}.RelWithDebInfo|x64.Build.0 = RelWithDebInfo|x64
	EndGlobalSection
	GlobalSection(ExtensibilityGlobals) = postSolution
		SolutionGuid = {55397CB6-CC2E-39EA-9517-2B4FE08D579D}
	EndGlobalSection
	GlobalSection(ExtensibilityAddIns) = postSolution
	EndGlobalSection
EndGlobal
